Microsoft Visual Studio Solution File, Format Version 11.00
# Visual Studio 2008

Project("{23B7C5E4-539A-1882-807B-F2402FE5CD77}") = "ShadowRunner", "Assembly-CSharp.csproj", "{4367DE58-C059-67B6-CDDB-FFF1239AD838}"
EndProject
Global
	GlobalSection(SolutionConfigurationPlatforms) = preSolution
		Debug|Any CPU = Debug|Any CPU
		Release|Any CPU = Release|Any CPU
	EndGlobalSection
	GlobalSection(ProjectConfigurationPlatforms) = postSolution
		{4367DE58-C059-67B6-CDDB-FFF1239AD838}.Debug|Any CPU.ActiveCfg = Debug|Any CPU
		{4367DE58-C059-67B6-CDDB-FFF1239AD838}.Debug|Any CPU.Build.0 = Debug|Any CPU
		{4367DE58-C059-67B6-CDDB-FFF1239AD838}.Release|Any CPU.ActiveCfg = Release|Any CPU
		{4367DE58-C059-67B6-CDDB-FFF1239AD838}.Release|Any CPU.Build.0 = Release|Any CPU
	EndGlobalSection
	GlobalSection(SolutionProperties) = preSolution
		HideSolutionNode = FALSE
	EndGlobalSection
	GlobalSection(MonoDevelopProperties) = preSolution
		StartupItem = Assembly-CSharp.csproj
	EndGlobalSection
EndGlobal
